
Microsoft Visual Studio Solution File, Format Version 12.00
# Visual Studio Version 17
VisualStudioVersion = 17.0.31903.59
MinimumVisualStudioVersion = 10.0.40219.1
Project("{9A19103F-16F7-4668-BE54-9A1E7A4F7556}") = "Things.Api", "Things.Api\Things.Api.csproj", "{8079C6A9-53D8-4559-805B-FA3B52F3E690}"
EndProject
Global
	GlobalSection(SolutionConfigurationPlatforms) = preSolution
		Debug|Any CPU = Debug|Any CPU
		Release|Any CPU = Release|Any CPU
	EndGlobalSection
	GlobalSection(ProjectConfigurationPlatforms) = postSolution
		{8079C6A9-53D8-4559-805B-FA3B52F3E690}.Debug|Any CPU.ActiveCfg = Debug|Any CPU
		{8079C6A9-53D8-4559-805B-FA3B52F3E690}.Debug|Any CPU.Build.0 = Debug|Any CPU
		{8079C6A9-53D8-4559-805B-FA3B52F3E690}.Release|Any CPU.ActiveCfg = Release|Any CPU
		{8079C6A9-53D8-4559-805B-FA3B52F3E690}.Release|Any CPU.Build.0 = Release|Any CPU
	EndGlobalSection
	GlobalSection(SolutionProperties) = preSolution
		HideSolutionNode = FALSE
	EndGlobalSection
	GlobalSection(ExtensibilityGlobals) = postSolution
		SolutionGuid = {861A4358-BCD8-4C9D-98D3-9BF24DB8B51B}
	EndGlobalSection
EndGlobal
